
Microsoft Visual Studio Solution File, Format Version 12.00
# Visual Studio Version 17
VisualStudioVersion = 17.0.32014.148
MinimumVisualStudioVersion = 10.0.40219.1
Project("{FAE04EC0-301F-11D3-BF4B-00C04F79EFBC}") = "Csharp_Test", "Csharp_Test\Csharp_Test.csproj", "{D695DF47-1840-436B-BA60-376509BE335C}"
EndProject
Project("{9A19103F-16F7-4668-BE54-9A1E7A4F7556}") = "CSharp_Calculation", "..\CSharp_Calculation\CSharp_Calculation.csproj", "{A0549B40-A5AA-49DF-949A-F188FB503806}"
EndProject
Global
	GlobalSection(SolutionConfigurationPlatforms) = preSolution
		Debug|Any CPU = Debug|Any CPU
		Release|Any CPU = Release|Any CPU
	EndGlobalSection
	GlobalSection(ProjectConfigurationPlatforms) = postSolution
		{D695DF47-1840-436B-BA60-376509BE335C}.Debug|Any CPU.ActiveCfg = Debug|Any CPU
		{D695DF47-1840-436B-BA60-376509BE335C}.Debug|Any CPU.Build.0 = Debug|Any CPU
		{D695DF47-1840-436B-BA60-376509BE335C}.Release|Any CPU.ActiveCfg = Release|Any CPU
		{D695DF47-1840-436B-BA60-376509BE335C}.Release|Any CPU.Build.0 = Release|Any CPU
		{A0549B40-A5AA-49DF-949A-F188FB503806}.Debug|Any CPU.ActiveCfg = Debug|Any CPU
		{A0549B40-A5AA-49DF-949A-F188FB503806}.Debug|Any CPU.Build.0 = Debug|Any CPU
		{A0549B40-A5AA-49DF-949A-F188FB503806}.Release|Any CPU.ActiveCfg = Release|Any CPU
		{A0549B40-A5AA-49DF-949A-F188FB503806}.Release|Any CPU.Build.0 = Release|Any CPU
	EndGlobalSection
	GlobalSection(SolutionProperties) = preSolution
		HideSolutionNode = FALSE
	EndGlobalSection
	GlobalSection(ExtensibilityGlobals) = postSolution
		SolutionGuid = {BE5BF09E-0B60-4137-BC79-3F7087F78A76}
	EndGlobalSection
EndGlobal
